// !$*UTF8*$!
{
	archiveVersion = 1;
	classes = {
	};
	objectVersion = 46;
	objects = {

/* Begin PBXBuildFile section */
		2D50AB101A43567E000729A2 /* FMDatabase.m in Sources */ = {isa = PBXBuildFile; fileRef = 2D50AB0B1A43567E000729A2 /* FMDatabase.m */; };
		2D50AB111A43567E000729A2 /* FMDatabaseAdditions.m in Sources */ = {isa = PBXBuildFile; fileRef = 2D50AB0D1A43567E000729A2 /* FMDatabaseAdditions.m */; };
		2D50AB121A43567E000729A2 /* FMResultSet.m in Sources */ = {isa = PBXBuildFile; fileRef = 2D50AB0F1A43567E000729A2 /* FMResultSet.m */; };
		2D58CDAC1A4C08C100798039 /* story1_9.png in Resources */ = {isa = PBXBuildFile; fileRef = 2D58CDA71A4C08C100798039 /* story1_9.png */; };
		2D58CDAD1A4C08C100798039 /* story1_10.png in Resources */ = {isa = PBXBuildFile; fileRef = 2D58CDA81A4C08C100798039 /* story1_10.png */; };
		2D58CDAE1A4C08C100798039 /* story1_11.png in Resources */ = {isa = PBXBuildFile; fileRef = 2D58CDA91A4C08C100798039 /* story1_11.png */; };
		2D58CDAF1A4C08C100798039 /* story1_12.png in Resources */ = {isa = PBXBuildFile; fileRef = 2D58CDAA1A4C08C100798039 /* story1_12.png */; };
		2D58CDB01A4C08C100798039 /* story1_13.png in Resources */ = {isa = PBXBuildFile; fileRef = 2D58CDAB1A4C08C100798039 /* story1_13.png */; };
		2D58CDB31A4C513000798039 /* CoreMotion.framework in Frameworks */ = {isa = PBXBuildFile; fileRef = 2D58CDB11A4C512300798039 /* CoreMotion.framework */; };
		2D58CDB61A4C573B00798039 /* AimView.m in Sources */ = {isa = PBXBuildFile; fileRef = 2D58CDB51A4C573B00798039 /* AimView.m */; };
		2D58CDB91A4C730B00798039 /* CoreGraphics.framework in Frameworks */ = {isa = PBXBuildFile; fileRef = 2D58CDB71A4C708B00798039 /* CoreGraphics.framework */; };
		2D92CE271A46E50100EB340A /* libstdc++.6.0.9.dylib in Frameworks */ = {isa = PBXBuildFile; fileRef = 2D92CE261A46E50100EB340A /* libstdc++.6.0.9.dylib */; };
		2D92CE291A46E52400EB340A /* CoreImage.framework in Frameworks */ = {isa = PBXBuildFile; fileRef = 2D92CE281A46E52400EB340A /* CoreImage.framework */; };
		2D92CE2D1A46E67100EB340A /* TesseractOCR.framework in Frameworks */ = {isa = PBXBuildFile; fileRef = 2D92CE2B1A46E55F00EB340A /* TesseractOCR.framework */; };
		2D92CE791A46F07000EB340A /* RundownObject.m in Sources */ = {isa = PBXBuildFile; fileRef = 2D92CE781A46F07000EB340A /* RundownObject.m */; };
		2D92CE7C1A47370100EB340A /* PagesViewController.m in Sources */ = {isa = PBXBuildFile; fileRef = 2D92CE7B1A47370100EB340A /* PagesViewController.m */; };
		2D92CE7F1A47374400EB340A /* ApadViewController.m in Sources */ = {isa = PBXBuildFile; fileRef = 2D92CE7E1A47374400EB340A /* ApadViewController.m */; };
		2D92CE821A4756E300EB340A /* DictionaryObject.m in Sources */ = {isa = PBXBuildFile; fileRef = 2D92CE811A4756E300EB340A /* DictionaryObject.m */; };
		2D92CF1A1A4765B000EB340A /* BookViewController.m in Sources */ = {isa = PBXBuildFile; fileRef = 2D92CF191A4765B000EB340A /* BookViewController.m */; };
		2DA755E41A480D7E009A1ADD /* OCRViewController.m in Sources */ = {isa = PBXBuildFile; fileRef = 2DA755E31A480D7E009A1ADD /* OCRViewController.m */; };
		2DA755E71A482718009A1ADD /* AVFoundation.framework in Frameworks */ = {isa = PBXBuildFile; fileRef = 2DA755E51A482702009A1ADD /* AVFoundation.framework */; };
		2DA755EA1A487C82009A1ADD /* MissionTableViewCell.m in Sources */ = {isa = PBXBuildFile; fileRef = 2DA755E91A487C82009A1ADD /* MissionTableViewCell.m */; };
		2DA755EF1A48848F009A1ADD /* MatchViewController.m in Sources */ = {isa = PBXBuildFile; fileRef = 2DA755EE1A48848F009A1ADD /* MatchViewController.m */; };
		2DA755F21A4884AA009A1ADD /* AimViewController.m in Sources */ = {isa = PBXBuildFile; fileRef = 2DA755F11A4884AA009A1ADD /* AimViewController.m */; };
		2DA755F51A4884D7009A1ADD /* OKbonViewController.m in Sources */ = {isa = PBXBuildFile; fileRef = 2DA755F41A4884D7009A1ADD /* OKbonViewController.m */; };
		2DADAF871A4B185F001E70E6 /* QuartzCore.framework in Frameworks */ = {isa = PBXBuildFile; fileRef = 2DADAF851A4B1849001E70E6 /* QuartzCore.framework */; };
		2DADAF8D1A4B402B001E70E6 /* dumpStory.sqlite in Resources */ = {isa = PBXBuildFile; fileRef = 2DADAF8C1A4B402B001E70E6 /* dumpStory.sqlite */; };
		2DADAF8F1A4B498D001E70E6 /* dumpDemo.sqlite in Resources */ = {isa = PBXBuildFile; fileRef = 2DADAF8E1A4B498D001E70E6 /* dumpDemo.sqlite */; };
		2DADAF921A4B4AE3001E70E6 /* 井井有條.jpg in Resources */ = {isa = PBXBuildFile; fileRef = 2DADAF901A4B4AE3001E70E6 /* 井井有條.jpg */; };
		2DADAF931A4B4AE3001E70E6 /* 表裡如一.jpg in Resources */ = {isa = PBXBuildFile; fileRef = 2DADAF911A4B4AE3001E70E6 /* 表裡如一.jpg */; };
		2DB357FD1A499F35009F0564 /* tessdata in Resources */ = {isa = PBXBuildFile; fileRef = 2DB357FC1A499F35009F0564 /* tessdata */; };
		2DB358011A49CC47009F0564 /* ItemViewController.m in Sources */ = {isa = PBXBuildFile; fileRef = 2DB358001A49CC47009F0564 /* ItemViewController.m */; };
		A60EDAFB1A38A3EB00BAEBA9 /* DatabaseManager.m in Sources */ = {isa = PBXBuildFile; fileRef = A60EDAFA1A38A3EB00BAEBA9 /* DatabaseManager.m */; };
		A61025DF1A3855A700F459A8 /* main.m in Sources */ = {isa = PBXBuildFile; fileRef = A61025DE1A3855A700F459A8 /* main.m */; };
		A61025E21A3855A700F459A8 /* AppDelegate.m in Sources */ = {isa = PBXBuildFile; fileRef = A61025E11A3855A700F459A8 /* AppDelegate.m */; };
		A61025E51A3855A700F459A8 /* ViewController.m in Sources */ = {isa = PBXBuildFile; fileRef = A61025E41A3855A700F459A8 /* ViewController.m */; };
		A61025EA1A3855A700F459A8 /* Images.xcassets in Resources */ = {isa = PBXBuildFile; fileRef = A61025E91A3855A700F459A8 /* Images.xcassets */; };
		A61025F91A3855A700F459A8 /* ____Tests.m in Sources */ = {isa = PBXBuildFile; fileRef = A61025F81A3855A700F459A8 /* ____Tests.m */; };
		A610260D1A38763300F459A8 /* libsqlite3.dylib in Frameworks */ = {isa = PBXBuildFile; fileRef = A610260B1A38762100F459A8 /* libsqlite3.dylib */; };
		A61075FE1A3CD85400D3CDD8 /* dump.sqlite in Resources */ = {isa = PBXBuildFile; fileRef = A61075FD1A3CD84F00D3CDD8 /* dump.sqlite */; };
		A61076141A3E1B1900D3CDD8 /* back.png in Resources */ = {isa = PBXBuildFile; fileRef = A61076001A3E1B1900D3CDD8 /* back.png */; };
		A61076151A3E1B1900D3CDD8 /* 電池.png in Resources */ = {isa = PBXBuildFile; fileRef = A61076011A3E1B1900D3CDD8 /* 電池.png */; };
		A61076161A3E1B1900D3CDD8 /* bg_dic.png in Resources */ = {isa = PBXBuildFile; fileRef = A61076021A3E1B1900D3CDD8 /* bg_dic.png */; };
		A61076171A3E1B1900D3CDD8 /* bg_ipad.png in Resources */ = {isa = PBXBuildFile; fileRef = A61076031A3E1B1900D3CDD8 /* bg_ipad.png */; };
		A61076181A3E1B1900D3CDD8 /* bling.png in Resources */ = {isa = PBXBuildFile; fileRef = A61076041A3E1B1900D3CDD8 /* bling.png */; };
		A61076191A3E1B1900D3CDD8 /* boy.png in Resources */ = {isa = PBXBuildFile; fileRef = A61076051A3E1B1900D3CDD8 /* boy.png */; };
		A610761A1A3E1B1900D3CDD8 /* c_laugh.png in Resources */ = {isa = PBXBuildFile; fileRef = A61076061A3E1B1900D3CDD8 /* c_laugh.png */; };
		A610761B1A3E1B1900D3CDD8 /* c_magic.png in Resources */ = {isa = PBXBuildFile; fileRef = A61076071A3E1B1900D3CDD8 /* c_magic.png */; };
		A610761C1A3E1B1900D3CDD8 /* c_shock.png in Resources */ = {isa = PBXBuildFile; fileRef = A61076081A3E1B1900D3CDD8 /* c_shock.png */; };
		A610761D1A3E1B1900D3CDD8 /* c_smile.png in Resources */ = {isa = PBXBuildFile; fileRef = A61076091A3E1B1900D3CDD8 /* c_smile.png */; };
		A610761E1A3E1B1900D3CDD8 /* cj.png in Resources */ = {isa = PBXBuildFile; fileRef = A610760A1A3E1B1900D3CDD8 /* cj.png */; };
		A610761F1A3E1B1900D3CDD8 /* close.png in Resources */ = {isa = PBXBuildFile; fileRef = A610760B1A3E1B1900D3CDD8 /* close.png */; };
		A61076201A3E1B1900D3CDD8 /* dialog.png in Resources */ = {isa = PBXBuildFile; fileRef = A610760C1A3E1B1900D3CDD8 /* dialog.png */; };
		A61076211A3E1B1900D3CDD8 /* dic.png in Resources */ = {isa = PBXBuildFile; fileRef = A610760D1A3E1B1900D3CDD8 /* dic.png */; };
		A61076221A3E1B1900D3CDD8 /* dic_page.png in Resources */ = {isa = PBXBuildFile; fileRef = A610760E1A3E1B1900D3CDD8 /* dic_page.png */; };
		A61076231A3E1B1900D3CDD8 /* dirt.png in Resources */ = {isa = PBXBuildFile; fileRef = A610760F1A3E1B1900D3CDD8 /* dirt.png */; };
		A61076241A3E1B1900D3CDD8 /* ipad.png in Resources */ = {isa = PBXBuildFile; fileRef = A61076101A3E1B1900D3CDD8 /* ipad.png */; };
		A61076251A3E1B1900D3CDD8 /* next.png in Resources */ = {isa = PBXBuildFile; fileRef = A61076111A3E1B1900D3CDD8 /* next.png */; };
		A61076261A3E1B1900D3CDD8 /* okbon.png in Resources */ = {isa = PBXBuildFile; fileRef = A61076121A3E1B1900D3CDD8 /* okbon.png */; };
		A676EBA61A3CCEBD0046C1F0 /* launch.png in Resources */ = {isa = PBXBuildFile; fileRef = A676EB9B1A3CCEBD0046C1F0 /* launch.png */; };
		A676EBA71A3CCEBD0046C1F0 /* stage1.png in Resources */ = {isa = PBXBuildFile; fileRef = A676EB9C1A3CCEBD0046C1F0 /* stage1.png */; };
		A676EBA81A3CCEBD0046C1F0 /* story1_1.png in Resources */ = {isa = PBXBuildFile; fileRef = A676EB9E1A3CCEBD0046C1F0 /* story1_1.png */; };
		A676EBA91A3CCEBD0046C1F0 /* story1_2.png in Resources */ = {isa = PBXBuildFile; fileRef = A676EB9F1A3CCEBD0046C1F0 /* story1_2.png */; };
		A676EBAA1A3CCEBD0046C1F0 /* story1_3.png in Resources */ = {isa = PBXBuildFile; fileRef = A676EBA01A3CCEBD0046C1F0 /* story1_3.png */; };
		A676EBAB1A3CCEBD0046C1F0 /* story1_4.png in Resources */ = {isa = PBXBuildFile; fileRef = A676EBA11A3CCEBD0046C1F0 /* story1_4.png */; };
		A676EBAC1A3CCEBD0046C1F0 /* story1_5.png in Resources */ = {isa = PBXBuildFile; fileRef = A676EBA21A3CCEBD0046C1F0 /* story1_5.png */; };
		A676EBAD1A3CCEBD0046C1F0 /* story1_6.png in Resources */ = {isa = PBXBuildFile; fileRef = A676EBA31A3CCEBD0046C1F0 /* story1_6.png */; };
		A676EBAE1A3CCEBD0046C1F0 /* story1_7.png in Resources */ = {isa = PBXBuildFile; fileRef = A676EBA41A3CCEBD0046C1F0 /* story1_7.png */; };
		A676EBAF1A3CCEBD0046C1F0 /* story1_8.png in Resources */ = {isa = PBXBuildFile; fileRef = A676EBA51A3CCEBD0046C1F0 /* story1_8.png */; };
		A6877EB01A3CC97A00EEECCA /* StoryViewController.m in Sources */ = {isa = PBXBuildFile; fileRef = A6877EAF1A3CC97A00EEECCA /* StoryViewController.m */; };
		A6877EB31A3CC9C800EEECCA /* StageViewController.m in Sources */ = {isa = PBXBuildFile; fileRef = A6877EB21A3CC9C800EEECCA /* StageViewController.m */; };
		A6877EB51A3CCA4600EEECCA /* Main.storyboard in Resources */ = {isa = PBXBuildFile; fileRef = A61025E61A3855A700F459A8 /* Main.storyboard */; };
/* End PBXBuildFile section */

/* Begin PBXContainerItemProxy section */
		A61025F31A3855A700F459A8 /* PBXContainerItemProxy */ = {
			isa = PBXContainerItemProxy;
			containerPortal = A61025D11A3855A700F459A8 /* Project object */;
			proxyType = 1;
			remoteGlobalIDString = A61025D81A3855A700F459A8;
			remoteInfo = "語宙探險";
		};
/* End PBXContainerItemProxy section */

/* Begin PBXFileReference section */
		2D50AB0A1A43567E000729A2 /* FMDatabase.h */ = {isa = PBXFileReference; fileEncoding = 4; lastKnownFileType = sourcecode.c.h; path = FMDatabase.h; sourceTree = "<group>"; };
		2D50AB0B1A43567E000729A2 /* FMDatabase.m */ = {isa = PBXFileReference; fileEncoding = 4; lastKnownFileType = sourcecode.c.objc; path = FMDatabase.m; sourceTree = "<group>"; };
		2D50AB0C1A43567E000729A2 /* FMDatabaseAdditions.h */ = {isa = PBXFileReference; fileEncoding = 4; lastKnownFileType = sourcecode.c.h; path = FMDatabaseAdditions.h; sourceTree = "<group>"; };
		2D50AB0D1A43567E000729A2 /* FMDatabaseAdditions.m */ = {isa = PBXFileReference; fileEncoding = 4; lastKnownFileType = sourcecode.c.objc; path = FMDatabaseAdditions.m; sourceTree = "<group>"; };
		2D50AB0E1A43567E000729A2 /* FMResultSet.h */ = {isa = PBXFileReference; fileEncoding = 4; lastKnownFileType = sourcecode.c.h; path = FMResultSet.h; sourceTree = "<group>"; };
		2D50AB0F1A43567E000729A2 /* FMResultSet.m */ = {isa = PBXFileReference; fileEncoding = 4; lastKnownFileType = sourcecode.c.objc; path = FMResultSet.m; sourceTree = "<group>"; };
		2D58CDA71A4C08C100798039 /* story1_9.png */ = {isa = PBXFileReference; lastKnownFileType = image.png; path = story1_9.png; sourceTree = "<group>"; };
		2D58CDA81A4C08C100798039 /* story1_10.png */ = {isa = PBXFileReference; lastKnownFileType = image.png; path = story1_10.png; sourceTree = "<group>"; };
		2D58CDA91A4C08C100798039 /* story1_11.png */ = {isa = PBXFileReference; lastKnownFileType = image.png; path = story1_11.png; sourceTree = "<group>"; };
		2D58CDAA1A4C08C100798039 /* story1_12.png */ = {isa = PBXFileReference; lastKnownFileType = image.png; path = story1_12.png; sourceTree = "<group>"; };
		2D58CDAB1A4C08C100798039 /* story1_13.png */ = {isa = PBXFileReference; lastKnownFileType = image.png; path = story1_13.png; sourceTree = "<group>"; };
		2D58CDB11A4C512300798039 /* CoreMotion.framework */ = {isa = PBXFileReference; lastKnownFileType = wrapper.framework; name = CoreMotion.framework; path = System/Library/Frameworks/CoreMotion.framework; sourceTree = SDKROOT; };
		2D58CDB41A4C573B00798039 /* AimView.h */ = {isa = PBXFileReference; fileEncoding = 4; lastKnownFileType = sourcecode.c.h; path = AimView.h; sourceTree = "<group>"; };
		2D58CDB51A4C573B00798039 /* AimView.m */ = {isa = PBXFileReference; fileEncoding = 4; lastKnownFileType = sourcecode.c.objc; path = AimView.m; sourceTree = "<group>"; };
		2D58CDB71A4C708B00798039 /* CoreGraphics.framework */ = {isa = PBXFileReference; lastKnownFileType = wrapper.framework; name = CoreGraphics.framework; path = System/Library/Frameworks/CoreGraphics.framework; sourceTree = SDKROOT; };
		2D92CE261A46E50100EB340A /* libstdc++.6.0.9.dylib */ = {isa = PBXFileReference; lastKnownFileType = "compiled.mach-o.dylib"; name = "libstdc++.6.0.9.dylib"; path = "usr/lib/libstdc++.6.0.9.dylib"; sourceTree = SDKROOT; };
		2D92CE281A46E52400EB340A /* CoreImage.framework */ = {isa = PBXFileReference; lastKnownFileType = wrapper.framework; name = CoreImage.framework; path = System/Library/Frameworks/CoreImage.framework; sourceTree = SDKROOT; };
		2D92CE2B1A46E55F00EB340A /* TesseractOCR.framework */ = {isa = PBXFileReference; lastKnownFileType = wrapper.framework; name = TesseractOCR.framework; path = "語宙探險/ThirdParty/TesseractOCR/TesseractOCR.framework"; sourceTree = "<group>"; };
		2D92CE771A46F07000EB340A /* RundownObject.h */ = {isa = PBXFileReference; fileEncoding = 4; lastKnownFileType = sourcecode.c.h; path = RundownObject.h; sourceTree = "<group>"; };
		2D92CE781A46F07000EB340A /* RundownObject.m */ = {isa = PBXFileReference; fileEncoding = 4; lastKnownFileType = sourcecode.c.objc; path = RundownObject.m; sourceTree = "<group>"; };
		2D92CE7A1A47370100EB340A /* PagesViewController.h */ = {isa = PBXFileReference; fileEncoding = 4; lastKnownFileType = sourcecode.c.h; path = PagesViewController.h; sourceTree = "<group>"; };
		2D92CE7B1A47370100EB340A /* PagesViewController.m */ = {isa = PBXFileReference; fileEncoding = 4; lastKnownFileType = sourcecode.c.objc; path = PagesViewController.m; sourceTree = "<group>"; };
		2D92CE7D1A47374400EB340A /* ApadViewController.h */ = {isa = PBXFileReference; fileEncoding = 4; lastKnownFileType = sourcecode.c.h; path = ApadViewController.h; sourceTree = "<group>"; };
		2D92CE7E1A47374400EB340A /* ApadViewController.m */ = {isa = PBXFileReference; fileEncoding = 4; lastKnownFileType = sourcecode.c.objc; path = ApadViewController.m; sourceTree = "<group>"; };
		2D92CE801A4756E300EB340A /* DictionaryObject.h */ = {isa = PBXFileReference; fileEncoding = 4; lastKnownFileType = sourcecode.c.h; path = DictionaryObject.h; sourceTree = "<group>"; };
		2D92CE811A4756E300EB340A /* DictionaryObject.m */ = {isa = PBXFileReference; fileEncoding = 4; lastKnownFileType = sourcecode.c.objc; path = DictionaryObject.m; sourceTree = "<group>"; };
		2D92CF181A4765B000EB340A /* BookViewController.h */ = {isa = PBXFileReference; fileEncoding = 4; lastKnownFileType = sourcecode.c.h; path = BookViewController.h; sourceTree = "<group>"; };
		2D92CF191A4765B000EB340A /* BookViewController.m */ = {isa = PBXFileReference; fileEncoding = 4; lastKnownFileType = sourcecode.c.objc; path = BookViewController.m; sourceTree = "<group>"; };
		2DA755E21A480D7E009A1ADD /* OCRViewController.h */ = {isa = PBXFileReference; fileEncoding = 4; lastKnownFileType = sourcecode.c.h; path = OCRViewController.h; sourceTree = "<group>"; };
		2DA755E31A480D7E009A1ADD /* OCRViewController.m */ = {isa = PBXFileReference; fileEncoding = 4; lastKnownFileType = sourcecode.c.objc; path = OCRViewController.m; sourceTree = "<group>"; };
		2DA755E51A482702009A1ADD /* AVFoundation.framework */ = {isa = PBXFileReference; lastKnownFileType = wrapper.framework; name = AVFoundation.framework; path = System/Library/Frameworks/AVFoundation.framework; sourceTree = SDKROOT; };
		2DA755E81A487C82009A1ADD /* MissionTableViewCell.h */ = {isa = PBXFileReference; fileEncoding = 4; lastKnownFileType = sourcecode.c.h; path = MissionTableViewCell.h; sourceTree = "<group>"; };
		2DA755E91A487C82009A1ADD /* MissionTableViewCell.m */ = {isa = PBXFileReference; fileEncoding = 4; lastKnownFileType = sourcecode.c.objc; path = MissionTableViewCell.m; sourceTree = "<group>"; };
		2DA755ED1A48848F009A1ADD /* MatchViewController.h */ = {isa = PBXFileReference; fileEncoding = 4; lastKnownFileType = sourcecode.c.h; path = MatchViewController.h; sourceTree = "<group>"; };
		2DA755EE1A48848F009A1ADD /* MatchViewController.m */ = {isa = PBXFileReference; fileEncoding = 4; lastKnownFileType = sourcecode.c.objc; path = MatchViewController.m; sourceTree = "<group>"; };
		2DA755F01A4884AA009A1ADD /* AimViewController.h */ = {isa = PBXFileReference; fileEncoding = 4; lastKnownFileType = sourcecode.c.h; path = AimViewController.h; sourceTree = "<group>"; };
		2DA755F11A4884AA009A1ADD /* AimViewController.m */ = {isa = PBXFileReference; fileEncoding = 4; lastKnownFileType = sourcecode.c.objc; path = AimViewController.m; sourceTree = "<group>"; };
		2DA755F31A4884D7009A1ADD /* OKbonViewController.h */ = {isa = PBXFileReference; fileEncoding = 4; lastKnownFileType = sourcecode.c.h; path = OKbonViewController.h; sourceTree = "<group>"; };
		2DA755F41A4884D7009A1ADD /* OKbonViewController.m */ = {isa = PBXFileReference; fileEncoding = 4; lastKnownFileType = sourcecode.c.objc; path = OKbonViewController.m; sourceTree = "<group>"; };
		2DADAF851A4B1849001E70E6 /* QuartzCore.framework */ = {isa = PBXFileReference; lastKnownFileType = wrapper.framework; name = QuartzCore.framework; path = System/Library/Frameworks/QuartzCore.framework; sourceTree = SDKROOT; };
		2DADAF8C1A4B402B001E70E6 /* dumpStory.sqlite */ = {isa = PBXFileReference; lastKnownFileType = file; path = dumpStory.sqlite; sourceTree = "<group>"; };
		2DADAF8E1A4B498D001E70E6 /* dumpDemo.sqlite */ = {isa = PBXFileReference; lastKnownFileType = file; path = dumpDemo.sqlite; sourceTree = "<group>"; };
		2DADAF901A4B4AE3001E70E6 /* 井井有條.jpg */ = {isa = PBXFileReference; lastKnownFileType = image.jpeg; path = "井井有條.jpg"; sourceTree = "<group>"; };
		2DADAF911A4B4AE3001E70E6 /* 表裡如一.jpg */ = {isa = PBXFileReference; lastKnownFileType = image.jpeg; path = "表裡如一.jpg"; sourceTree = "<group>"; };
		2DB357FC1A499F35009F0564 /* tessdata */ = {isa = PBXFileReference; lastKnownFileType = folder; name = tessdata; path = "語宙探險/tessdata"; sourceTree = SOURCE_ROOT; };
		2DB357FF1A49CC47009F0564 /* ItemViewController.h */ = {isa = PBXFileReference; fileEncoding = 4; lastKnownFileType = sourcecode.c.h; path = ItemViewController.h; sourceTree = "<group>"; };
		2DB358001A49CC47009F0564 /* ItemViewController.m */ = {isa = PBXFileReference; fileEncoding = 4; lastKnownFileType = sourcecode.c.objc; path = ItemViewController.m; sourceTree = "<group>"; };
		A60EDAF91A38A3EB00BAEBA9 /* DatabaseManager.h */ = {isa = PBXFileReference; fileEncoding = 4; lastKnownFileType = sourcecode.c.h; path = DatabaseManager.h; sourceTree = "<group>"; };
		A60EDAFA1A38A3EB00BAEBA9 /* DatabaseManager.m */ = {isa = PBXFileReference; fileEncoding = 4; lastKnownFileType = sourcecode.c.objc; path = DatabaseManager.m; sourceTree = "<group>"; };
		A61025D91A3855A700F459A8 /* 語宙探險.app */ = {isa = PBXFileReference; explicitFileType = wrapper.application; includeInIndex = 0; path = "語宙探險.app"; sourceTree = BUILT_PRODUCTS_DIR; };
		A61025DD1A3855A700F459A8 /* Info.plist */ = {isa = PBXFileReference; lastKnownFileType = text.plist.xml; path = Info.plist; sourceTree = "<group>"; };
		A61025DE1A3855A700F459A8 /* main.m */ = {isa = PBXFileReference; lastKnownFileType = sourcecode.c.objc; path = main.m; sourceTree = "<group>"; };
		A61025E01A3855A700F459A8 /* AppDelegate.h */ = {isa = PBXFileReference; lastKnownFileType = sourcecode.c.h; path = AppDelegate.h; sourceTree = "<group>"; };
		A61025E11A3855A700F459A8 /* AppDelegate.m */ = {isa = PBXFileReference; lastKnownFileType = sourcecode.c.objc; path = AppDelegate.m; sourceTree = "<group>"; };
		A61025E31A3855A700F459A8 /* ViewController.h */ = {isa = PBXFileReference; lastKnownFileType = sourcecode.c.h; path = ViewController.h; sourceTree = "<group>"; };
		A61025E41A3855A700F459A8 /* ViewController.m */ = {isa = PBXFileReference; lastKnownFileType = sourcecode.c.objc; path = ViewController.m; sourceTree = "<group>"; };
		A61025E71A3855A700F459A8 /* Base */ = {isa = PBXFileReference; lastKnownFileType = file.storyboard; name = Base; path = Base.lproj/Main.storyboard; sourceTree = "<group>"; };
		A61025E91A3855A700F459A8 /* Images.xcassets */ = {isa = PBXFileReference; lastKnownFileType = folder.assetcatalog; path = Images.xcassets; sourceTree = "<group>"; };
		A61025EC1A3855A700F459A8 /* Base */ = {isa = PBXFileReference; lastKnownFileType = file.xib; name = Base; path = Base.lproj/LaunchScreen.xib; sourceTree = "<group>"; };
		A61025F21A3855A700F459A8 /* 語宙探險Tests.xctest */ = {isa = PBXFileReference; explicitFileType = wrapper.cfbundle; includeInIndex = 0; path = "語宙探險Tests.xctest"; sourceTree = BUILT_PRODUCTS_DIR; };
		A61025F71A3855A700F459A8 /* Info.plist */ = {isa = PBXFileReference; lastKnownFileType = text.plist.xml; path = Info.plist; sourceTree = "<group>"; };
		A61025F81A3855A700F459A8 /* ____Tests.m */ = {isa = PBXFileReference; lastKnownFileType = sourcecode.c.objc; path = "____Tests.m"; sourceTree = "<group>"; };
		A610260B1A38762100F459A8 /* libsqlite3.dylib */ = {isa = PBXFileReference; lastKnownFileType = "compiled.mach-o.dylib"; name = libsqlite3.dylib; path = usr/lib/libsqlite3.dylib; sourceTree = SDKROOT; };
		A61075FD1A3CD84F00D3CDD8 /* dump.sqlite */ = {isa = PBXFileReference; lastKnownFileType = file; path = dump.sqlite; sourceTree = "<group>"; };
		A61076001A3E1B1900D3CDD8 /* back.png */ = {isa = PBXFileReference; lastKnownFileType = image.png; path = back.png; sourceTree = "<group>"; };
		A61076011A3E1B1900D3CDD8 /* 電池.png */ = {isa = PBXFileReference; lastKnownFileType = image.png; path = "電池.png"; sourceTree = "<group>"; };
		A61076021A3E1B1900D3CDD8 /* bg_dic.png */ = {isa = PBXFileReference; lastKnownFileType = image.png; path = bg_dic.png; sourceTree = "<group>"; };
		A61076031A3E1B1900D3CDD8 /* bg_ipad.png */ = {isa = PBXFileReference; lastKnownFileType = image.png; path = bg_ipad.png; sourceTree = "<group>"; };
		A61076041A3E1B1900D3CDD8 /* bling.png */ = {isa = PBXFileReference; lastKnownFileType = image.png; path = bling.png; sourceTree = "<group>"; };
		A61076051A3E1B1900D3CDD8 /* boy.png */ = {isa = PBXFileReference; lastKnownFileType = image.png; path = boy.png; sourceTree = "<group>"; };
		A61076061A3E1B1900D3CDD8 /* c_laugh.png */ = {isa = PBXFileReference; lastKnownFileType = image.png; path = c_laugh.png; sourceTree = "<group>"; };
		A61076071A3E1B1900D3CDD8 /* c_magic.png */ = {isa = PBXFileReference; lastKnownFileType = image.png; path = c_magic.png; sourceTree = "<group>"; };
		A61076081A3E1B1900D3CDD8 /* c_shock.png */ = {isa = PBXFileReference; lastKnownFileType = image.png; path = c_shock.png; sourceTree = "<group>"; };
		A61076091A3E1B1900D3CDD8 /* c_smile.png */ = {isa = PBXFileReference; lastKnownFileType = image.png; path = c_smile.png; sourceTree = "<group>"; };
		A610760A1A3E1B1900D3CDD8 /* cj.png */ = {isa = PBXFileReference; lastKnownFileType = image.png; path = cj.png; sourceTree = "<group>"; };
		A610760B1A3E1B1900D3CDD8 /* close.png */ = {isa = PBXFileReference; lastKnownFileType = image.png; path = close.png; sourceTree = "<group>"; };
		A610760C1A3E1B1900D3CDD8 /* dialog.png */ = {isa = PBXFileReference; lastKnownFileType = image.png; path = dialog.png; sourceTree = "<group>"; };
		A610760D1A3E1B1900D3CDD8 /* dic.png */ = {isa = PBXFileReference; lastKnownFileType = image.png; path = dic.png; sourceTree = "<group>"; };
		A610760E1A3E1B1900D3CDD8 /* dic_page.png */ = {isa = PBXFileReference; lastKnownFileType = image.png; path = dic_page.png; sourceTree = "<group>"; };
		A610760F1A3E1B1900D3CDD8 /* dirt.png */ = {isa = PBXFileReference; lastKnownFileType = image.png; path = dirt.png; sourceTree = "<group>"; };
		A61076101A3E1B1900D3CDD8 /* ipad.png */ = {isa = PBXFileReference; lastKnownFileType = image.png; path = ipad.png; sourceTree = "<group>"; };
		A61076111A3E1B1900D3CDD8 /* next.png */ = {isa = PBXFileReference; lastKnownFileType = image.png; path = next.png; sourceTree = "<group>"; };
		A61076121A3E1B1900D3CDD8 /* okbon.png */ = {isa = PBXFileReference; lastKnownFileType = image.png; path = okbon.png; sourceTree = "<group>"; };
		A676EB9B1A3CCEBD0046C1F0 /* launch.png */ = {isa = PBXFileReference; lastKnownFileType = image.png; path = launch.png; sourceTree = "<group>"; };
		A676EB9C1A3CCEBD0046C1F0 /* stage1.png */ = {isa = PBXFileReference; lastKnownFileType = image.png; path = stage1.png; sourceTree = "<group>"; };
		A676EB9E1A3CCEBD0046C1F0 /* story1_1.png */ = {isa = PBXFileReference; lastKnownFileType = image.png; path = story1_1.png; sourceTree = "<group>"; };
		A676EB9F1A3CCEBD0046C1F0 /* story1_2.png */ = {isa = PBXFileReference; lastKnownFileType = image.png; path = story1_2.png; sourceTree = "<group>"; };
		A676EBA01A3CCEBD0046C1F0 /* story1_3.png */ = {isa = PBXFileReference; lastKnownFileType = image.png; path = story1_3.png; sourceTree = "<group>"; };
		A676EBA11A3CCEBD0046C1F0 /* story1_4.png */ = {isa = PBXFileReference; lastKnownFileType = image.png; path = story1_4.png; sourceTree = "<group>"; };
		A676EBA21A3CCEBD0046C1F0 /* story1_5.png */ = {isa = PBXFileReference; lastKnownFileType = image.png; path = story1_5.png; sourceTree = "<group>"; };
		A676EBA31A3CCEBD0046C1F0 /* story1_6.png */ = {isa = PBXFileReference; lastKnownFileType = image.png; path = story1_6.png; sourceTree = "<group>"; };
		A676EBA41A3CCEBD0046C1F0 /* story1_7.png */ = {isa = PBXFileReference; lastKnownFileType = image.png; path = story1_7.png; sourceTree = "<group>"; };
		A676EBA51A3CCEBD0046C1F0 /* story1_8.png */ = {isa = PBXFileReference; lastKnownFileType = image.png; path = story1_8.png; sourceTree = "<group>"; };
		A6877EAE1A3CC97A00EEECCA /* StoryViewController.h */ = {isa = PBXFileReference; fileEncoding = 4; lastKnownFileType = sourcecode.c.h; path = StoryViewController.h; sourceTree = "<group>"; };
		A6877EAF1A3CC97A00EEECCA /* StoryViewController.m */ = {isa = PBXFileReference; fileEncoding = 4; lastKnownFileType = sourcecode.c.objc; path = StoryViewController.m; sourceTree = "<group>"; };
		A6877EB11A3CC9C800EEECCA /* StageViewController.h */ = {isa = PBXFileReference; fileEncoding = 4; lastKnownFileType = sourcecode.c.h; path = StageViewController.h; sourceTree = "<group>"; };
		A6877EB21A3CC9C800EEECCA /* StageViewController.m */ = {isa = PBXFileReference; fileEncoding = 4; lastKnownFileType = sourcecode.c.objc; path = StageViewController.m; sourceTree = "<group>"; };
/* End PBXFileReference section */

/* Begin PBXFrameworksBuildPhase section */
		A61025D61A3855A700F459A8 /* Frameworks */ = {
			isa = PBXFrameworksBuildPhase;
			buildActionMask = 2147483647;
			files = (
				2DA755E71A482718009A1ADD /* AVFoundation.framework in Frameworks */,
				2DADAF871A4B185F001E70E6 /* QuartzCore.framework in Frameworks */,
				2D92CE2D1A46E67100EB340A /* TesseractOCR.framework in Frameworks */,
				2D58CDB31A4C513000798039 /* CoreMotion.framework in Frameworks */,
				2D92CE291A46E52400EB340A /* CoreImage.framework in Frameworks */,
				2D58CDB91A4C730B00798039 /* CoreGraphics.framework in Frameworks */,
				2D92CE271A46E50100EB340A /* libstdc++.6.0.9.dylib in Frameworks */,
				A610260D1A38763300F459A8 /* libsqlite3.dylib in Frameworks */,
			);
			runOnlyForDeploymentPostprocessing = 0;
		};
		A61025EF1A3855A700F459A8 /* Frameworks */ = {
			isa = PBXFrameworksBuildPhase;
			buildActionMask = 2147483647;
			files = (
			);
			runOnlyForDeploymentPostprocessing = 0;
		};
/* End PBXFrameworksBuildPhase section */

/* Begin PBXGroup section */
		2D50AB081A43567E000729A2 /* ThirdParty */ = {
			isa = PBXGroup;
			children = (
				2D50AB091A43567E000729A2 /* FMDB */,
			);
			path = ThirdParty;
			sourceTree = "<group>";
		};
		2D50AB091A43567E000729A2 /* FMDB */ = {
			isa = PBXGroup;
			children = (
				2D50AB0A1A43567E000729A2 /* FMDatabase.h */,
				2D50AB0B1A43567E000729A2 /* FMDatabase.m */,
				2D50AB0C1A43567E000729A2 /* FMDatabaseAdditions.h */,
				2D50AB0D1A43567E000729A2 /* FMDatabaseAdditions.m */,
				2D50AB0E1A43567E000729A2 /* FMResultSet.h */,
				2D50AB0F1A43567E000729A2 /* FMResultSet.m */,
			);
			path = FMDB;
			sourceTree = "<group>";
		};
		2D92CE2A1A46E52D00EB340A /* Framework */ = {
			isa = PBXGroup;
			children = (
				A610260B1A38762100F459A8 /* libsqlite3.dylib */,
				2D92CE261A46E50100EB340A /* libstdc++.6.0.9.dylib */,
				2D92CE2B1A46E55F00EB340A /* TesseractOCR.framework */,
				2DA755E51A482702009A1ADD /* AVFoundation.framework */,
				2D92CE281A46E52400EB340A /* CoreImage.framework */,
				2D58CDB11A4C512300798039 /* CoreMotion.framework */,
				2D58CDB71A4C708B00798039 /* CoreGraphics.framework */,
				2DADAF851A4B1849001E70E6 /* QuartzCore.framework */,
			);
			name = Framework;
			path = ..;
			sourceTree = "<group>";
		};
		2D92CE761A46F04D00EB340A /* DataObject */ = {
			isa = PBXGroup;
			children = (
				2D92CE771A46F07000EB340A /* RundownObject.h */,
				2D92CE781A46F07000EB340A /* RundownObject.m */,
				2D92CE801A4756E300EB340A /* DictionaryObject.h */,
				2D92CE811A4756E300EB340A /* DictionaryObject.m */,
			);
			path = DataObject;
			sourceTree = "<group>";
		};
		2DA755EC1A488467009A1ADD /* GameSet */ = {
			isa = PBXGroup;
			children = (
				2DA755ED1A48848F009A1ADD /* MatchViewController.h */,
				2DA755EE1A48848F009A1ADD /* MatchViewController.m */,
				2DA755F01A4884AA009A1ADD /* AimViewController.h */,
				2DA755F11A4884AA009A1ADD /* AimViewController.m */,
				2D58CDB41A4C573B00798039 /* AimView.h */,
				2D58CDB51A4C573B00798039 /* AimView.m */,
				2DA755F31A4884D7009A1ADD /* OKbonViewController.h */,
				2DA755F41A4884D7009A1ADD /* OKbonViewController.m */,
				2DB357FF1A49CC47009F0564 /* ItemViewController.h */,
				2DB358001A49CC47009F0564 /* ItemViewController.m */,
			);
			path = GameSet;
			sourceTree = "<group>";
		};
		A61025D01A3855A700F459A8 = {
			isa = PBXGroup;
			children = (
				A61025DB1A3855A700F459A8 /* 語宙探險 */,
				A61025F51A3855A700F459A8 /* 語宙探險Tests */,
				A61025DA1A3855A700F459A8 /* Products */,
			);
			sourceTree = "<group>";
		};
		A61025DA1A3855A700F459A8 /* Products */ = {
			isa = PBXGroup;
			children = (
				A61025D91A3855A700F459A8 /* 語宙探險.app */,
				A61025F21A3855A700F459A8 /* 語宙探險Tests.xctest */,
			);
			name = Products;
			sourceTree = "<group>";
		};
		A61025DB1A3855A700F459A8 /* 語宙探險 */ = {
			isa = PBXGroup;
			children = (
				2DB357FC1A499F35009F0564 /* tessdata */,
				2DA755EC1A488467009A1ADD /* GameSet */,
				2D92CE761A46F04D00EB340A /* DataObject */,
				2D50AB081A43567E000729A2 /* ThirdParty */,
				A61025E61A3855A700F459A8 /* Main.storyboard */,
				A61025E01A3855A700F459A8 /* AppDelegate.h */,
				A61025E11A3855A700F459A8 /* AppDelegate.m */,
				A61025E31A3855A700F459A8 /* ViewController.h */,
				A61025E41A3855A700F459A8 /* ViewController.m */,
				A6877EAE1A3CC97A00EEECCA /* StoryViewController.h */,
				A6877EAF1A3CC97A00EEECCA /* StoryViewController.m */,
				A6877EB11A3CC9C800EEECCA /* StageViewController.h */,
				A6877EB21A3CC9C800EEECCA /* StageViewController.m */,
				A60EDAF91A38A3EB00BAEBA9 /* DatabaseManager.h */,
				A60EDAFA1A38A3EB00BAEBA9 /* DatabaseManager.m */,
				2D92CF181A4765B000EB340A /* BookViewController.h */,
				2D92CF191A4765B000EB340A /* BookViewController.m */,
				2D92CE7A1A47370100EB340A /* PagesViewController.h */,
				2D92CE7B1A47370100EB340A /* PagesViewController.m */,
				2D92CE7D1A47374400EB340A /* ApadViewController.h */,
				2D92CE7E1A47374400EB340A /* ApadViewController.m */,
				2DA755E81A487C82009A1ADD /* MissionTableViewCell.h */,
				2DA755E91A487C82009A1ADD /* MissionTableViewCell.m */,
				2DA755E21A480D7E009A1ADD /* OCRViewController.h */,
				2DA755E31A480D7E009A1ADD /* OCRViewController.m */,
				A61025E91A3855A700F459A8 /* Images.xcassets */,
				A61025EB1A3855A700F459A8 /* LaunchScreen.xib */,
				A61075FD1A3CD84F00D3CDD8 /* dump.sqlite */,
				2DADAF8E1A4B498D001E70E6 /* dumpDemo.sqlite */,
				2DADAF8C1A4B402B001E70E6 /* dumpStory.sqlite */,
				A676EB9A1A3CCEBD0046C1F0 /* img */,
				A61025DC1A3855A700F459A8 /* Supporting Files */,
				2D92CE2A1A46E52D00EB340A /* Framework */,
			);
			path = "語宙探險";
			sourceTree = "<group>";
		};
		A61025DC1A3855A700F459A8 /* Supporting Files */ = {
			isa = PBXGroup;
			children = (
				A61025DD1A3855A700F459A8 /* Info.plist */,
				A61025DE1A3855A700F459A8 /* main.m */,
			);
			name = "Supporting Files";
			sourceTree = "<group>";
		};
		A61025F51A3855A700F459A8 /* 語宙探險Tests */ = {
			isa = PBXGroup;
			children = (
				A61025F81A3855A700F459A8 /* ____Tests.m */,
				A61025F61A3855A700F459A8 /* Supporting Files */,
			);
			path = "語宙探險Tests";
			sourceTree = "<group>";
		};
		A61025F61A3855A700F459A8 /* Supporting Files */ = {
			isa = PBXGroup;
			children = (
				A61025F71A3855A700F459A8 /* Info.plist */,
			);
			name = "Supporting Files";
			sourceTree = "<group>";
		};
		A61075FF1A3E1B1900D3CDD8 /* item */ = {
			isa = PBXGroup;
			children = (
				A61076001A3E1B1900D3CDD8 /* back.png */,
				A61076011A3E1B1900D3CDD8 /* 電池.png */,
				A61076021A3E1B1900D3CDD8 /* bg_dic.png */,
				A61076031A3E1B1900D3CDD8 /* bg_ipad.png */,
				A61076041A3E1B1900D3CDD8 /* bling.png */,
				A61076051A3E1B1900D3CDD8 /* boy.png */,
				A61076061A3E1B1900D3CDD8 /* c_laugh.png */,
				A61076071A3E1B1900D3CDD8 /* c_magic.png */,
				A61076081A3E1B1900D3CDD8 /* c_shock.png */,
				A61076091A3E1B1900D3CDD8 /* c_smile.png */,
				A610760A1A3E1B1900D3CDD8 /* cj.png */,
				A610760B1A3E1B1900D3CDD8 /* close.png */,
				A610760C1A3E1B1900D3CDD8 /* dialog.png */,
				A610760D1A3E1B1900D3CDD8 /* dic.png */,
				A610760E1A3E1B1900D3CDD8 /* dic_page.png */,
				A610760F1A3E1B1900D3CDD8 /* dirt.png */,
				A61076101A3E1B1900D3CDD8 /* ipad.png */,
				A61076111A3E1B1900D3CDD8 /* next.png */,
				A61076121A3E1B1900D3CDD8 /* okbon.png */,
			);
			path = item;
			sourceTree = "<group>";
		};
		A676EB9A1A3CCEBD0046C1F0 /* img */ = {
			isa = PBXGroup;
			children = (
				A61075FF1A3E1B1900D3CDD8 /* item */,
				A676EB9B1A3CCEBD0046C1F0 /* launch.png */,
				A676EB9C1A3CCEBD0046C1F0 /* stage1.png */,
				2DADAF901A4B4AE3001E70E6 /* 井井有條.jpg */,
				2DADAF911A4B4AE3001E70E6 /* 表裡如一.jpg */,
				A676EB9D1A3CCEBD0046C1F0 /* story */,
			);
			path = img;
			sourceTree = "<group>";
		};
		A676EB9D1A3CCEBD0046C1F0 /* story */ = {
			isa = PBXGroup;
			children = (
				2D58CDA71A4C08C100798039 /* story1_9.png */,
				2D58CDA81A4C08C100798039 /* story1_10.png */,
				2D58CDA91A4C08C100798039 /* story1_11.png */,
				2D58CDAA1A4C08C100798039 /* story1_12.png */,
				2D58CDAB1A4C08C100798039 /* story1_13.png */,
				A676EB9E1A3CCEBD0046C1F0 /* story1_1.png */,
				A676EB9F1A3CCEBD0046C1F0 /* story1_2.png */,
				A676EBA01A3CCEBD0046C1F0 /* story1_3.png */,
				A676EBA11A3CCEBD0046C1F0 /* story1_4.png */,
				A676EBA21A3CCEBD0046C1F0 /* story1_5.png */,
				A676EBA31A3CCEBD0046C1F0 /* story1_6.png */,
				A676EBA41A3CCEBD0046C1F0 /* story1_7.png */,
				A676EBA51A3CCEBD0046C1F0 /* story1_8.png */,
			);
			path = story;
			sourceTree = "<group>";
		};
/* End PBXGroup section */

/* Begin PBXNativeTarget section */
		A61025D81A3855A700F459A8 /* 語宙探險 */ = {
			isa = PBXNativeTarget;
			buildConfigurationList = A61025FC1A3855A700F459A8 /* Build configuration list for PBXNativeTarget "語宙探險" */;
			buildPhases = (
				A61025D51A3855A700F459A8 /* Sources */,
				A61025D61A3855A700F459A8 /* Frameworks */,
				A61025D71A3855A700F459A8 /* Resources */,
			);
			buildRules = (
			);
			dependencies = (
			);
			name = "語宙探險";
			productName = "語宙探險";
			productReference = A61025D91A3855A700F459A8 /* 語宙探險.app */;
			productType = "com.apple.product-type.application";
		};
		A61025F11A3855A700F459A8 /* 語宙探險Tests */ = {
			isa = PBXNativeTarget;
			buildConfigurationList = A61025FF1A3855A700F459A8 /* Build configuration list for PBXNativeTarget "語宙探險Tests" */;
			buildPhases = (
				A61025EE1A3855A700F459A8 /* Sources */,
				A61025EF1A3855A700F459A8 /* Frameworks */,
				A61025F01A3855A700F459A8 /* Resources */,
			);
			buildRules = (
			);
			dependencies = (
				A61025F41A3855A700F459A8 /* PBXTargetDependency */,
			);
			name = "語宙探險Tests";
			productName = "語宙探險Tests";
			productReference = A61025F21A3855A700F459A8 /* 語宙探險Tests.xctest */;
			productType = "com.apple.product-type.bundle.unit-test";
		};
/* End PBXNativeTarget section */

/* Begin PBXProject section */
		A61025D11A3855A700F459A8 /* Project object */ = {
			isa = PBXProject;
			attributes = {
				LastUpgradeCheck = 0610;
				ORGANIZATIONNAME = D.A.C.K.;
				TargetAttributes = {
					A61025D81A3855A700F459A8 = {
						CreatedOnToolsVersion = 6.1.1;
					};
					A61025F11A3855A700F459A8 = {
						CreatedOnToolsVersion = 6.1.1;
						TestTargetID = A61025D81A3855A700F459A8;
					};
				};
			};
			buildConfigurationList = A61025D41A3855A700F459A8 /* Build configuration list for PBXProject "語宙探險" */;
			compatibilityVersion = "Xcode 3.2";
			developmentRegion = English;
			hasScannedForEncodings = 0;
			knownRegions = (
				en,
				Base,
			);
			mainGroup = A61025D01A3855A700F459A8;
			productRefGroup = A61025DA1A3855A700F459A8 /* Products */;
			projectDirPath = "";
			projectRoot = "";
			targets = (
				A61025D81A3855A700F459A8 /* 語宙探險 */,
				A61025F11A3855A700F459A8 /* 語宙探險Tests */,
			);
		};
/* End PBXProject section */

/* Begin PBXResourcesBuildPhase section */
		A61025D71A3855A700F459A8 /* Resources */ = {
			isa = PBXResourcesBuildPhase;
			buildActionMask = 2147483647;
			files = (
				2DADAF8D1A4B402B001E70E6 /* dumpStory.sqlite in Resources */,
				2D58CDAF1A4C08C100798039 /* story1_12.png in Resources */,
				A61076211A3E1B1900D3CDD8 /* dic.png in Resources */,
				A61075FE1A3CD85400D3CDD8 /* dump.sqlite in Resources */,
				A61076151A3E1B1900D3CDD8 /* 電池.png in Resources */,
				A61076181A3E1B1900D3CDD8 /* bling.png in Resources */,
				A610761B1A3E1B1900D3CDD8 /* c_magic.png in Resources */,
				A676EBAD1A3CCEBD0046C1F0 /* story1_6.png in Resources */,
				A676EBA61A3CCEBD0046C1F0 /* launch.png in Resources */,
				A610761E1A3E1B1900D3CDD8 /* cj.png in Resources */,
				2DB357FD1A499F35009F0564 /* tessdata in Resources */,
				A610761A1A3E1B1900D3CDD8 /* c_laugh.png in Resources */,
				A676EBAF1A3CCEBD0046C1F0 /* story1_8.png in Resources */,
				A610761C1A3E1B1900D3CDD8 /* c_shock.png in Resources */,
				A61076241A3E1B1900D3CDD8 /* ipad.png in Resources */,
				A61076221A3E1B1900D3CDD8 /* dic_page.png in Resources */,
				A61076161A3E1B1900D3CDD8 /* bg_dic.png in Resources */,
				A61076141A3E1B1900D3CDD8 /* back.png in Resources */,
				2D58CDAD1A4C08C100798039 /* story1_10.png in Resources */,
				A61076171A3E1B1900D3CDD8 /* bg_ipad.png in Resources */,
				A61076251A3E1B1900D3CDD8 /* next.png in Resources */,
				A61076201A3E1B1900D3CDD8 /* dialog.png in Resources */,
				A61076231A3E1B1900D3CDD8 /* dirt.png in Resources */,
				2DADAF8F1A4B498D001E70E6 /* dumpDemo.sqlite in Resources */,
				2D58CDAE1A4C08C100798039 /* story1_11.png in Resources */,
				A610761F1A3E1B1900D3CDD8 /* close.png in Resources */,
				2DADAF921A4B4AE3001E70E6 /* 井井有條.jpg in Resources */,
				A676EBAB1A3CCEBD0046C1F0 /* story1_4.png in Resources */,
				2DADAF931A4B4AE3001E70E6 /* 表裡如一.jpg in Resources */,
				A61076261A3E1B1900D3CDD8 /* okbon.png in Resources */,
				A6877EB51A3CCA4600EEECCA /* Main.storyboard in Resources */,
				2D58CDAC1A4C08C100798039 /* story1_9.png in Resources */,
				A676EBAA1A3CCEBD0046C1F0 /* story1_3.png in Resources */,
				A676EBAC1A3CCEBD0046C1F0 /* story1_5.png in Resources */,
				A61025EA1A3855A700F459A8 /* Images.xcassets in Resources */,
				A61076191A3E1B1900D3CDD8 /* boy.png in Resources */,
				A676EBA71A3CCEBD0046C1F0 /* stage1.png in Resources */,
				A676EBA91A3CCEBD0046C1F0 /* story1_2.png in Resources */,
				2D58CDB01A4C08C100798039 /* story1_13.png in Resources */,
				A610761D1A3E1B1900D3CDD8 /* c_smile.png in Resources */,
				A676EBA81A3CCEBD0046C1F0 /* story1_1.png in Resources */,
				A676EBAE1A3CCEBD0046C1F0 /* story1_7.png in Resources */,
			);
			runOnlyForDeploymentPostprocessing = 0;
		};
		A61025F01A3855A700F459A8 /* Resources */ = {
			isa = PBXResourcesBuildPhase;
			buildActionMask = 2147483647;
			files = (
			);
			runOnlyForDeploymentPostprocessing = 0;
		};
/* End PBXResourcesBuildPhase section */

/* Begin PBXSourcesBuildPhase section */
		A61025D51A3855A700F459A8 /* Sources */ = {
			isa = PBXSourcesBuildPhase;
			buildActionMask = 2147483647;
			files = (
				2DA755F21A4884AA009A1ADD /* AimViewController.m in Sources */,
				2DA755F51A4884D7009A1ADD /* OKbonViewController.m in Sources */,
				2D92CF1A1A4765B000EB340A /* BookViewController.m in Sources */,
				2DA755E41A480D7E009A1ADD /* OCRViewController.m in Sources */,
				2D92CE7F1A47374400EB340A /* ApadViewController.m in Sources */,
				A61025E51A3855A700F459A8 /* ViewController.m in Sources */,
				2DA755EA1A487C82009A1ADD /* MissionTableViewCell.m in Sources */,
				2DA755EF1A48848F009A1ADD /* MatchViewController.m in Sources */,
				2D92CE821A4756E300EB340A /* DictionaryObject.m in Sources */,
				A6877EB01A3CC97A00EEECCA /* StoryViewController.m in Sources */,
				2D92CE791A46F07000EB340A /* RundownObject.m in Sources */,
				A60EDAFB1A38A3EB00BAEBA9 /* DatabaseManager.m in Sources */,
				2D58CDB61A4C573B00798039 /* AimView.m in Sources */,
				2D50AB101A43567E000729A2 /* FMDatabase.m in Sources */,
				2D92CE7C1A47370100EB340A /* PagesViewController.m in Sources */,
				A61025E21A3855A700F459A8 /* AppDelegate.m in Sources */,
				2D50AB111A43567E000729A2 /* FMDatabaseAdditions.m in Sources */,
				A6877EB31A3CC9C800EEECCA /* StageViewController.m in Sources */,
				2DB358011A49CC47009F0564 /* ItemViewController.m in Sources */,
				A61025DF1A3855A700F459A8 /* main.m in Sources */,
				2D50AB121A43567E000729A2 /* FMResultSet.m in Sources */,
			);
			runOnlyForDeploymentPostprocessing = 0;
		};
		A61025EE1A3855A700F459A8 /* Sources */ = {
			isa = PBXSourcesBuildPhase;
			buildActionMask = 2147483647;
			files = (
				A61025F91A3855A700F459A8 /* ____Tests.m in Sources */,
			);
			runOnlyForDeploymentPostprocessing = 0;
		};
/* End PBXSourcesBuildPhase section */

/* Begin PBXTargetDependency section */
		A61025F41A3855A700F459A8 /* PBXTargetDependency */ = {
			isa = PBXTargetDependency;
			target = A61025D81A3855A700F459A8 /* 語宙探險 */;
			targetProxy = A61025F31A3855A700F459A8 /* PBXContainerItemProxy */;
		};
/* End PBXTargetDependency section */

/* Begin PBXVariantGroup section */
		A61025E61A3855A700F459A8 /* Main.storyboard */ = {
			isa = PBXVariantGroup;
			children = (
				A61025E71A3855A700F459A8 /* Base */,
			);
			name = Main.storyboard;
			sourceTree = "<group>";
		};
		A61025EB1A3855A700F459A8 /* LaunchScreen.xib */ = {
			isa = PBXVariantGroup;
			children = (
				A61025EC1A3855A700F459A8 /* Base */,
			);
			name = LaunchScreen.xib;
			sourceTree = "<group>";
		};
/* End PBXVariantGroup section */

/* Begin XCBuildConfiguration section */
		A61025FA1A3855A700F459A8 /* Debug */ = {
			isa = XCBuildConfiguration;
			buildSettings = {
				ALWAYS_SEARCH_USER_PATHS = NO;
				CLANG_CXX_LANGUAGE_STANDARD = "gnu++0x";
				CLANG_CXX_LIBRARY = "libc++";
				CLANG_ENABLE_MODULES = YES;
				CLANG_ENABLE_OBJC_ARC = YES;
				CLANG_WARN_BOOL_CONVERSION = YES;
				CLANG_WARN_CONSTANT_CONVERSION = YES;
				CLANG_WARN_DIRECT_OBJC_ISA_USAGE = YES_ERROR;
				CLANG_WARN_EMPTY_BODY = YES;
				CLANG_WARN_ENUM_CONVERSION = YES;
				CLANG_WARN_INT_CONVERSION = YES;
				CLANG_WARN_OBJC_ROOT_CLASS = YES_ERROR;
				CLANG_WARN_UNREACHABLE_CODE = YES;
				CLANG_WARN__DUPLICATE_METHOD_MATCH = YES;
				"CODE_SIGN_IDENTITY[sdk=iphoneos*]" = "iPhone Developer";
				COPY_PHASE_STRIP = NO;
				ENABLE_STRICT_OBJC_MSGSEND = YES;
				GCC_C_LANGUAGE_STANDARD = gnu99;
				GCC_DYNAMIC_NO_PIC = NO;
				GCC_OPTIMIZATION_LEVEL = 0;
				GCC_PREPROCESSOR_DEFINITIONS = (
					"DEBUG=1",
					"$(inherited)",
				);
				GCC_SYMBOLS_PRIVATE_EXTERN = NO;
				GCC_WARN_64_TO_32_BIT_CONVERSION = YES;
				GCC_WARN_ABOUT_RETURN_TYPE = YES_ERROR;
				GCC_WARN_UNDECLARED_SELECTOR = YES;
				GCC_WARN_UNINITIALIZED_AUTOS = YES_AGGRESSIVE;
				GCC_WARN_UNUSED_FUNCTION = YES;
				GCC_WARN_UNUSED_VARIABLE = YES;
				IPHONEOS_DEPLOYMENT_TARGET = 8.1;
				MTL_ENABLE_DEBUG_INFO = YES;
				ONLY_ACTIVE_ARCH = YES;
				SDKROOT = iphoneos;
				TARGETED_DEVICE_FAMILY = 2;
			};
			name = Debug;
		};
		A61025FB1A3855A700F459A8 /* Release */ = {
			isa = XCBuildConfiguration;
			buildSettings = {
				ALWAYS_SEARCH_USER_PATHS = NO;
				CLANG_CXX_LANGUAGE_STANDARD = "gnu++0x";
				CLANG_CXX_LIBRARY = "libc++";
				CLANG_ENABLE_MODULES = YES;
				CLANG_ENABLE_OBJC_ARC = YES;
				CLANG_WARN_BOOL_CONVERSION = YES;
				CLANG_WARN_CONSTANT_CONVERSION = YES;
				CLANG_WARN_DIRECT_OBJC_ISA_USAGE = YES_ERROR;
				CLANG_WARN_EMPTY_BODY = YES;
				CLANG_WARN_ENUM_CONVERSION = YES;
				CLANG_WARN_INT_CONVERSION = YES;
				CLANG_WARN_OBJC_ROOT_CLASS = YES_ERROR;
				CLANG_WARN_UNREACHABLE_CODE = YES;
				CLANG_WARN__DUPLICATE_METHOD_MATCH = YES;
				"CODE_SIGN_IDENTITY[sdk=iphoneos*]" = "iPhone Developer";
				COPY_PHASE_STRIP = YES;
				ENABLE_NS_ASSERTIONS = NO;
				ENABLE_STRICT_OBJC_MSGSEND = YES;
				GCC_C_LANGUAGE_STANDARD = gnu99;
				GCC_WARN_64_TO_32_BIT_CONVERSION = YES;
				GCC_WARN_ABOUT_RETURN_TYPE = YES_ERROR;
				GCC_WARN_UNDECLARED_SELECTOR = YES;
				GCC_WARN_UNINITIALIZED_AUTOS = YES_AGGRESSIVE;
				GCC_WARN_UNUSED_FUNCTION = YES;
				GCC_WARN_UNUSED_VARIABLE = YES;
				IPHONEOS_DEPLOYMENT_TARGET = 8.1;
				MTL_ENABLE_DEBUG_INFO = NO;
				SDKROOT = iphoneos;
				TARGETED_DEVICE_FAMILY = 2;
				VALIDATE_PRODUCT = YES;
			};
			name = Release;
		};
		A61025FD1A3855A700F459A8 /* Debug */ = {
			isa = XCBuildConfiguration;
			buildSettings = {
				ASSETCATALOG_COMPILER_APPICON_NAME = AppIcon;
				ASSETCATALOG_COMPILER_LAUNCHIMAGE_NAME = LaunchImage;
				FRAMEWORK_SEARCH_PATHS = (
					"$(inherited)",
					"$(PROJECT_DIR)/語宙探險/ThirdParty/TesseractOCR",
				);
				INFOPLIST_FILE = "語宙探險/Info.plist";
				LD_RUNPATH_SEARCH_PATHS = "$(inherited) @executable_path/Frameworks";
				OTHER_LDFLAGS = "-lstdc++";
				PRODUCT_NAME = "$(TARGET_NAME)";
				VALID_ARCHS = "arm64 armv7 armv7s";
			};
			name = Debug;
		};
		A61025FE1A3855A700F459A8 /* Release */ = {
			isa = XCBuildConfiguration;
			buildSettings = {
				ASSETCATALOG_COMPILER_APPICON_NAME = AppIcon;
				ASSETCATALOG_COMPILER_LAUNCHIMAGE_NAME = LaunchImage;
				FRAMEWORK_SEARCH_PATHS = (
					"$(inherited)",
					"$(PROJECT_DIR)/語宙探險/ThirdParty/TesseractOCR",
				);
				INFOPLIST_FILE = "語宙探險/Info.plist";
				LD_RUNPATH_SEARCH_PATHS = "$(inherited) @executable_path/Frameworks";
				OTHER_LDFLAGS = "-lstdc++";
				PRODUCT_NAME = "$(TARGET_NAME)";
				VALID_ARCHS = "arm64 armv7 armv7s";
			};
			name = Release;
		};
		A61026001A3855A700F459A8 /* Debug */ = {
			isa = XCBuildConfiguration;
			buildSettings = {
				BUNDLE_LOADER = "$(TEST_HOST)";
				FRAMEWORK_SEARCH_PATHS = (
					"$(SDKROOT)/Developer/Library/Frameworks",
					"$(inherited)",
				);
				GCC_PREPROCESSOR_DEFINITIONS = (
					"DEBUG=1",
					"$(inherited)",
				);
				INFOPLIST_FILE = "語宙探險Tests/Info.plist";
				LD_RUNPATH_SEARCH_PATHS = "$(inherited) @executable_path/Frameworks @loader_path/Frameworks";
				PRODUCT_NAME = "$(TARGET_NAME)";
				TEST_HOST = "$(BUILT_PRODUCTS_DIR)/語宙探險.app/語宙探險";
			};
			name = Debug;
		};
		A61026011A3855A700F459A8 /* Release */ = {
			isa = XCBuildConfiguration;
			buildSettings = {
				BUNDLE_LOADER = "$(TEST_HOST)";
				FRAMEWORK_SEARCH_PATHS = (
					"$(SDKROOT)/Developer/Library/Frameworks",
					"$(inherited)",
				);
				INFOPLIST_FILE = "語宙探險Tests/Info.plist";
				LD_RUNPATH_SEARCH_PATHS = "$(inherited) @executable_path/Frameworks @loader_path/Frameworks";
				PRODUCT_NAME = "$(TARGET_NAME)";
				TEST_HOST = "$(BUILT_PRODUCTS_DIR)/語宙探險.app/語宙探險";
			};
			name = Release;
		};
/* End XCBuildConfiguration section */

/* Begin XCConfigurationList section */
		A61025D41A3855A700F459A8 /* Build configuration list for PBXProject "語宙探險" */ = {
			isa = XCConfigurationList;
			buildConfigurations = (
				A61025FA1A3855A700F459A8 /* Debug */,
				A61025FB1A3855A700F459A8 /* Release */,
			);
			defaultConfigurationIsVisible = 0;
			defaultConfigurationName = Release;
		};
		A61025FC1A3855A700F459A8 /* Build configuration list for PBXNativeTarget "語宙探險" */ = {
			isa = XCConfigurationList;
			buildConfigurations = (
				A61025FD1A3855A700F459A8 /* Debug */,
				A61025FE1A3855A700F459A8 /* Release */,
			);
			defaultConfigurationIsVisible = 0;
			defaultConfigurationName = Release;
		};
		A61025FF1A3855A700F459A8 /* Build configuration list for PBXNativeTarget "語宙探險Tests" */ = {
			isa = XCConfigurationList;
			buildConfigurations = (
				A61026001A3855A700F459A8 /* Debug */,
				A61026011A3855A700F459A8 /* Release */,
			);
			defaultConfigurationIsVisible = 0;
			defaultConfigurationName = Release;
		};
/* End XCConfigurationList section */
	};
	rootObject = A61025D11A3855A700F459A8 /* Project object */;
}
